
Microsoft Visual Studio Solution File, Format Version 12.00
# Visual Studio Version 17
VisualStudioVersion = 17.11.35222.181
MinimumVisualStudioVersion = 10.0.40219.1
Project("{2150E333-8FDC-42A3-9474-1A3956D46DE8}") = "Services", "Services", "{9795A052-8B21-4BA2-A620-C6C61D04E350}"
EndProject
Project("{2150E333-8FDC-42A3-9474-1A3956D46DE8}") = "Catalog", "Catalog", "{E1A7E497-D971-4D89-B655-704F5AAB1B2F}"
EndProject
Project("{9A19103F-16F7-4668-BE54-9A1E7A4F7556}") = "Catalog.API", "Services\Catalog\Catalog.API\Catalog.API.csproj", "{96E553E9-E2CB-40E4-899D-D69E00F34B1E}"
EndProject
Project("{9A19103F-16F7-4668-BE54-9A1E7A4F7556}") = "Catalog.Application", "Services\Catalog\Catalog.Application\Catalog.Application.csproj", "{C77A89BA-C4F4-4723-8EDE-CADA861EBE25}"
EndProject
Project("{9A19103F-16F7-4668-BE54-9A1E7A4F7556}") = "Catalog.Core", "Services\Catalog\Catalog.Core\Catalog.Core.csproj", "{FDD3C7F7-EC22-430D-A511-FB1418FA4DB4}"
EndProject
Project("{9A19103F-16F7-4668-BE54-9A1E7A4F7556}") = "Catalog.Infrastructure", "Services\Catalog\Catalog.Infrastructure\Catalog.Infrastructure.csproj", "{4B169E5F-1720-4687-A174-362EC084B815}"
EndProject
Project("{E53339B2-1760-4266-BCC7-CA923CBCF16C}") = "docker-compose", "docker-compose.dcproj", "{D6BCC833-5F88-4BC3-A771-9A31048F461E}"
EndProject
Project("{2150E333-8FDC-42A3-9474-1A3956D46DE8}") = "Basket", "Basket", "{84FBFDA4-800B-4748-B5CF-B49EA889B2AE}"
EndProject
Project("{9A19103F-16F7-4668-BE54-9A1E7A4F7556}") = "Basket.API", "Services\Basket\Basket.API\Basket.API.csproj", "{E9525030-44E7-4200-BFFA-8382BF0637C9}"
EndProject
Project("{9A19103F-16F7-4668-BE54-9A1E7A4F7556}") = "Basket.Core", "Services\Basket\Basket.Core\Basket.Core.csproj", "{D7EEA67D-8F16-4370-BDA5-A6BF63668BF0}"
EndProject
Project("{9A19103F-16F7-4668-BE54-9A1E7A4F7556}") = "Basket.Application", "Services\Basket\Basket.Application\Basket.Application.csproj", "{E5BD7A65-499F-424F-8087-0320383307C6}"
EndProject
Project("{9A19103F-16F7-4668-BE54-9A1E7A4F7556}") = "Basket.Infrastructure", "Services\Basket\Basket.Infrastructure\Basket.Infrastructure.csproj", "{FF390EB1-C001-475A-96F3-6242C3400887}"
EndProject
Project("{2150E333-8FDC-42A3-9474-1A3956D46DE8}") = "Discount", "Discount", "{03DB137A-DCC2-40EC-91C7-6C2BAC239675}"
EndProject
Project("{9A19103F-16F7-4668-BE54-9A1E7A4F7556}") = "Discount.API", "Services\Discount\Discount.API\Discount.API.csproj", "{28A2A99D-3BA8-4935-8836-707F9C2BF789}"
EndProject
Project("{9A19103F-16F7-4668-BE54-9A1E7A4F7556}") = "Discount.Core", "Services\Discount\Discount.Core\Discount.Core.csproj", "{6852CFA1-2BEC-4531-B8B1-40E7E147CF0C}"
EndProject
Project("{9A19103F-16F7-4668-BE54-9A1E7A4F7556}") = "Discount.Application", "Services\Discount\Discount.Application\Discount.Application.csproj", "{E26460ED-90E6-43A1-B415-EA8D7B994172}"
EndProject
Project("{9A19103F-16F7-4668-BE54-9A1E7A4F7556}") = "Discount.Infrastructure", "Services\Discount\Discount.Infrastructure\Discount.Infrastructure.csproj", "{A5DAC412-1F99-4315-ABEE-4C6472EEFA74}"
EndProject
Project("{2150E333-8FDC-42A3-9474-1A3956D46DE8}") = "Ordering", "Ordering", "{0620504E-0767-4869-B5BA-D2F94BBDA137}"
EndProject
Project("{9A19103F-16F7-4668-BE54-9A1E7A4F7556}") = "Ordering.API", "Services\Ordering\Ordering.API\Ordering.API.csproj", "{49F939CB-8CF1-4E41-839A-A7FD3CDEF68B}"
EndProject
Project("{9A19103F-16F7-4668-BE54-9A1E7A4F7556}") = "Ordering.Core", "Services\Ordering\Ordering.Core\Ordering.Core.csproj", "{EBAD7454-0201-497B-99E9-FC14DAD28CDD}"
EndProject
Project("{9A19103F-16F7-4668-BE54-9A1E7A4F7556}") = "Ordering.Application", "Services\Ordering\Ordering.Application\Ordering.Application.csproj", "{4F1651B5-76D5-4726-8304-3F57C7C1E483}"
EndProject
Project("{9A19103F-16F7-4668-BE54-9A1E7A4F7556}") = "Ordering.Infrastructure", "Services\Ordering\Ordering.Infrastructure\Ordering.Infrastructure.csproj", "{5D1D88D2-BA62-4D59-8278-773F9128E3F2}"
EndProject
Project("{2150E333-8FDC-42A3-9474-1A3956D46DE8}") = "Infrastructure", "Infrastructure", "{36B3D68E-DFA9-4A2F-A23B-D77221A92533}"
EndProject
Project("{9A19103F-16F7-4668-BE54-9A1E7A4F7556}") = "EventBus.Messages", "Infrastructure\EventBus.Messages\EventBus.Messages.csproj", "{C109165E-58C9-44AA-BF60-9BB9D56A1045}"
EndProject
Project("{FAE04EC0-301F-11D3-BF4B-00C04F79EFBC}") = "Common.Logging", "Infrastructure\Common.Logging\Common.Logging.csproj", "{5F4A03B1-4158-4918-9E5F-ECE8627AD0FE}"
EndProject
Global
	GlobalSection(SolutionConfigurationPlatforms) = preSolution
		Debug|Any CPU = Debug|Any CPU
		Release|Any CPU = Release|Any CPU
	EndGlobalSection
	GlobalSection(ProjectConfigurationPlatforms) = postSolution
		{96E553E9-E2CB-40E4-899D-D69E00F34B1E}.Debug|Any CPU.ActiveCfg = Debug|Any CPU
		{96E553E9-E2CB-40E4-899D-D69E00F34B1E}.Debug|Any CPU.Build.0 = Debug|Any CPU
		{96E553E9-E2CB-40E4-899D-D69E00F34B1E}.Release|Any CPU.ActiveCfg = Release|Any CPU
		{96E553E9-E2CB-40E4-899D-D69E00F34B1E}.Release|Any CPU.Build.0 = Release|Any CPU
		{C77A89BA-C4F4-4723-8EDE-CADA861EBE25}.Debug|Any CPU.ActiveCfg = Debug|Any CPU
		{C77A89BA-C4F4-4723-8EDE-CADA861EBE25}.Debug|Any CPU.Build.0 = Debug|Any CPU
		{C77A89BA-C4F4-4723-8EDE-CADA861EBE25}.Release|Any CPU.ActiveCfg = Release|Any CPU
		{C77A89BA-C4F4-4723-8EDE-CADA861EBE25}.Release|Any CPU.Build.0 = Release|Any CPU
		{FDD3C7F7-EC22-430D-A511-FB1418FA4DB4}.Debug|Any CPU.ActiveCfg = Debug|Any CPU
		{FDD3C7F7-EC22-430D-A511-FB1418FA4DB4}.Debug|Any CPU.Build.0 = Debug|Any CPU
		{FDD3C7F7-EC22-430D-A511-FB1418FA4DB4}.Release|Any CPU.ActiveCfg = Release|Any CPU
		{FDD3C7F7-EC22-430D-A511-FB1418FA4DB4}.Release|Any CPU.Build.0 = Release|Any CPU
		{4B169E5F-1720-4687-A174-362EC084B815}.Debug|Any CPU.ActiveCfg = Debug|Any CPU
		{4B169E5F-1720-4687-A174-362EC084B815}.Debug|Any CPU.Build.0 = Debug|Any CPU
		{4B169E5F-1720-4687-A174-362EC084B815}.Release|Any CPU.ActiveCfg = Release|Any CPU
		{4B169E5F-1720-4687-A174-362EC084B815}.Release|Any CPU.Build.0 = Release|Any CPU
		{D6BCC833-5F88-4BC3-A771-9A31048F461E}.Debug|Any CPU.ActiveCfg = Debug|Any CPU
		{D6BCC833-5F88-4BC3-A771-9A31048F461E}.Debug|Any CPU.Build.0 = Debug|Any CPU
		{D6BCC833-5F88-4BC3-A771-9A31048F461E}.Release|Any CPU.ActiveCfg = Release|Any CPU
		{D6BCC833-5F88-4BC3-A771-9A31048F461E}.Release|Any CPU.Build.0 = Release|Any CPU
		{E9525030-44E7-4200-BFFA-8382BF0637C9}.Debug|Any CPU.ActiveCfg = Debug|Any CPU
		{E9525030-44E7-4200-BFFA-8382BF0637C9}.Debug|Any CPU.Build.0 = Debug|Any CPU
		{E9525030-44E7-4200-BFFA-8382BF0637C9}.Release|Any CPU.ActiveCfg = Release|Any CPU
		{E9525030-44E7-4200-BFFA-8382BF0637C9}.Release|Any CPU.Build.0 = Release|Any CPU
		{D7EEA67D-8F16-4370-BDA5-A6BF63668BF0}.Debug|Any CPU.ActiveCfg = Debug|Any CPU
		{D7EEA67D-8F16-4370-BDA5-A6BF63668BF0}.Debug|Any CPU.Build.0 = Debug|Any CPU
		{D7EEA67D-8F16-4370-BDA5-A6BF63668BF0}.Release|Any CPU.ActiveCfg = Release|Any CPU
		{D7EEA67D-8F16-4370-BDA5-A6BF63668BF0}.Release|Any CPU.Build.0 = Release|Any CPU
		{E5BD7A65-499F-424F-8087-0320383307C6}.Debug|Any CPU.ActiveCfg = Debug|Any CPU
		{E5BD7A65-499F-424F-8087-0320383307C6}.Debug|Any CPU.Build.0 = Debug|Any CPU
		{E5BD7A65-499F-424F-8087-0320383307C6}.Release|Any CPU.ActiveCfg = Release|Any CPU
		{E5BD7A65-499F-424F-8087-0320383307C6}.Release|Any CPU.Build.0 = Release|Any CPU
		{FF390EB1-C001-475A-96F3-6242C3400887}.Debug|Any CPU.ActiveCfg = Debug|Any CPU
		{FF390EB1-C001-475A-96F3-6242C3400887}.Debug|Any CPU.Build.0 = Debug|Any CPU
		{FF390EB1-C001-475A-96F3-6242C3400887}.Release|Any CPU.ActiveCfg = Release|Any CPU
		{FF390EB1-C001-475A-96F3-6242C3400887}.Release|Any CPU.Build.0 = Release|Any CPU
		{28A2A99D-3BA8-4935-8836-707F9C2BF789}.Debug|Any CPU.ActiveCfg = Debug|Any CPU
		{28A2A99D-3BA8-4935-8836-707F9C2BF789}.Debug|Any CPU.Build.0 = Debug|Any CPU
		{28A2A99D-3BA8-4935-8836-707F9C2BF789}.Release|Any CPU.ActiveCfg = Release|Any CPU
		{28A2A99D-3BA8-4935-8836-707F9C2BF789}.Release|Any CPU.Build.0 = Release|Any CPU
		{6852CFA1-2BEC-4531-B8B1-40E7E147CF0C}.Debug|Any CPU.ActiveCfg = Debug|Any CPU
		{6852CFA1-2BEC-4531-B8B1-40E7E147CF0C}.Debug|Any CPU.Build.0 = Debug|Any CPU
		{6852CFA1-2BEC-4531-B8B1-40E7E147CF0C}.Release|Any CPU.ActiveCfg = Release|Any CPU
		{6852CFA1-2BEC-4531-B8B1-40E7E147CF0C}.Release|Any CPU.Build.0 = Release|Any CPU
		{E26460ED-90E6-43A1-B415-EA8D7B994172}.Debug|Any CPU.ActiveCfg = Debug|Any CPU
		{E26460ED-90E6-43A1-B415-EA8D7B994172}.Debug|Any CPU.Build.0 = Debug|Any CPU
		{E26460ED-90E6-43A1-B415-EA8D7B994172}.Release|Any CPU.ActiveCfg = Release|Any CPU
		{E26460ED-90E6-43A1-B415-EA8D7B994172}.Release|Any CPU.Build.0 = Release|Any CPU
		{A5DAC412-1F99-4315-ABEE-4C6472EEFA74}.Debug|Any CPU.ActiveCfg = Debug|Any CPU
		{A5DAC412-1F99-4315-ABEE-4C6472EEFA74}.Debug|Any CPU.Build.0 = Debug|Any CPU
		{A5DAC412-1F99-4315-ABEE-4C6472EEFA74}.Release|Any CPU.ActiveCfg = Release|Any CPU
		{A5DAC412-1F99-4315-ABEE-4C6472EEFA74}.Release|Any CPU.Build.0 = Release|Any CPU
		{49F939CB-8CF1-4E41-839A-A7FD3CDEF68B}.Debug|Any CPU.ActiveCfg = Debug|Any CPU
		{49F939CB-8CF1-4E41-839A-A7FD3CDEF68B}.Debug|Any CPU.Build.0 = Debug|Any CPU
		{49F939CB-8CF1-4E41-839A-A7FD3CDEF68B}.Release|Any CPU.ActiveCfg = Release|Any CPU
		{49F939CB-8CF1-4E41-839A-A7FD3CDEF68B}.Release|Any CPU.Build.0 = Release|Any CPU
		{EBAD7454-0201-497B-99E9-FC14DAD28CDD}.Debug|Any CPU.ActiveCfg = Debug|Any CPU
		{EBAD7454-0201-497B-99E9-FC14DAD28CDD}.Debug|Any CPU.Build.0 = Debug|Any CPU
		{EBAD7454-0201-497B-99E9-FC14DAD28CDD}.Release|Any CPU.ActiveCfg = Release|Any CPU
		{EBAD7454-0201-497B-99E9-FC14DAD28CDD}.Release|Any CPU.Build.0 = Release|Any CPU
		{4F1651B5-76D5-4726-8304-3F57C7C1E483}.Debug|Any CPU.ActiveCfg = Debug|Any CPU
		{4F1651B5-76D5-4726-8304-3F57C7C1E483}.Debug|Any CPU.Build.0 = Debug|Any CPU
		{4F1651B5-76D5-4726-8304-3F57C7C1E483}.Release|Any CPU.ActiveCfg = Release|Any CPU
		{4F1651B5-76D5-4726-8304-3F57C7C1E483}.Release|Any CPU.Build.0 = Release|Any CPU
		{5D1D88D2-BA62-4D59-8278-773F9128E3F2}.Debug|Any CPU.ActiveCfg = Debug|Any CPU
		{5D1D88D2-BA62-4D59-8278-773F9128E3F2}.Debug|Any CPU.Build.0 = Debug|Any CPU
		{5D1D88D2-BA62-4D59-8278-773F9128E3F2}.Release|Any CPU.ActiveCfg = Release|Any CPU
		{5D1D88D2-BA62-4D59-8278-773F9128E3F2}.Release|Any CPU.Build.0 = Release|Any CPU
		{C109165E-58C9-44AA-BF60-9BB9D56A1045}.Debug|Any CPU.ActiveCfg = Debug|Any CPU
		{C109165E-58C9-44AA-BF60-9BB9D56A1045}.Debug|Any CPU.Build.0 = Debug|Any CPU
		{C109165E-58C9-44AA-BF60-9BB9D56A1045}.Release|Any CPU.ActiveCfg = Release|Any CPU
		{C109165E-58C9-44AA-BF60-9BB9D56A1045}.Release|Any CPU.Build.0 = Release|Any CPU
		{5F4A03B1-4158-4918-9E5F-ECE8627AD0FE}.Debug|Any CPU.ActiveCfg = Debug|Any CPU
		{5F4A03B1-4158-4918-9E5F-ECE8627AD0FE}.Debug|Any CPU.Build.0 = Debug|Any CPU
		{5F4A03B1-4158-4918-9E5F-ECE8627AD0FE}.Release|Any CPU.ActiveCfg = Release|Any CPU
		{5F4A03B1-4158-4918-9E5F-ECE8627AD0FE}.Release|Any CPU.Build.0 = Release|Any CPU
	EndGlobalSection
	GlobalSection(SolutionProperties) = preSolution
		HideSolutionNode = FALSE
	EndGlobalSection
	GlobalSection(NestedProjects) = preSolution
		{E1A7E497-D971-4D89-B655-704F5AAB1B2F} = {9795A052-8B21-4BA2-A620-C6C61D04E350}
		{96E553E9-E2CB-40E4-899D-D69E00F34B1E} = {E1A7E497-D971-4D89-B655-704F5AAB1B2F}
		{C77A89BA-C4F4-4723-8EDE-CADA861EBE25} = {E1A7E497-D971-4D89-B655-704F5AAB1B2F}
		{FDD3C7F7-EC22-430D-A511-FB1418FA4DB4} = {E1A7E497-D971-4D89-B655-704F5AAB1B2F}
		{4B169E5F-1720-4687-A174-362EC084B815} = {E1A7E497-D971-4D89-B655-704F5AAB1B2F}
		{84FBFDA4-800B-4748-B5CF-B49EA889B2AE} = {9795A052-8B21-4BA2-A620-C6C61D04E350}
		{E9525030-44E7-4200-BFFA-8382BF0637C9} = {84FBFDA4-800B-4748-B5CF-B49EA889B2AE}
		{D7EEA67D-8F16-4370-BDA5-A6BF63668BF0} = {84FBFDA4-800B-4748-B5CF-B49EA889B2AE}
		{E5BD7A65-499F-424F-8087-0320383307C6} = {84FBFDA4-800B-4748-B5CF-B49EA889B2AE}
		{FF390EB1-C001-475A-96F3-6242C3400887} = {84FBFDA4-800B-4748-B5CF-B49EA889B2AE}
		{03DB137A-DCC2-40EC-91C7-6C2BAC239675} = {9795A052-8B21-4BA2-A620-C6C61D04E350}
		{28A2A99D-3BA8-4935-8836-707F9C2BF789} = {03DB137A-DCC2-40EC-91C7-6C2BAC239675}
		{6852CFA1-2BEC-4531-B8B1-40E7E147CF0C} = {03DB137A-DCC2-40EC-91C7-6C2BAC239675}
		{E26460ED-90E6-43A1-B415-EA8D7B994172} = {03DB137A-DCC2-40EC-91C7-6C2BAC239675}
		{A5DAC412-1F99-4315-ABEE-4C6472EEFA74} = {03DB137A-DCC2-40EC-91C7-6C2BAC239675}
		{0620504E-0767-4869-B5BA-D2F94BBDA137} = {9795A052-8B21-4BA2-A620-C6C61D04E350}
		{49F939CB-8CF1-4E41-839A-A7FD3CDEF68B} = {0620504E-0767-4869-B5BA-D2F94BBDA137}
		{EBAD7454-0201-497B-99E9-FC14DAD28CDD} = {0620504E-0767-4869-B5BA-D2F94BBDA137}
		{4F1651B5-76D5-4726-8304-3F57C7C1E483} = {0620504E-0767-4869-B5BA-D2F94BBDA137}
		{5D1D88D2-BA62-4D59-8278-773F9128E3F2} = {0620504E-0767-4869-B5BA-D2F94BBDA137}
		{C109165E-58C9-44AA-BF60-9BB9D56A1045} = {36B3D68E-DFA9-4A2F-A23B-D77221A92533}
		{5F4A03B1-4158-4918-9E5F-ECE8627AD0FE} = {36B3D68E-DFA9-4A2F-A23B-D77221A92533}
	EndGlobalSection
	GlobalSection(ExtensibilityGlobals) = postSolution
		SolutionGuid = {8058D102-32FF-418D-8205-655D41BC7687}
	EndGlobalSection
EndGlobal
